
Microsoft Visual Studio Solution File, Format Version 11.00
# Visual Studio 2010
Project("{8BC9CEB8-8B4A-11D0-8D11-00A0C91BC942}") = "HomeWork1", "HomeWork1\HomeWork1.vcxproj", "{DC79CD30-DD9F-47F4-9271-4EFB98F962E2}"
EndProject
Project("{2150E333-8FDC-42A3-9474-1A3956D46DE8}") = "Solution Items", "Solution Items", "{0964CABB-A856-43B0-AE76-1E3B954F6F0C}"
EndProject
Global
	GlobalSection(SolutionConfigurationPlatforms) = preSolution
		Debug|Win32 = Debug|Win32
		Release|Win32 = Release|Win32
	EndGlobalSection
	GlobalSection(ProjectConfigurationPlatforms) = postSolution
		{DC79CD30-DD9F-47F4-9271-4EFB98F962E2}.Debug|Win32.ActiveCfg = Debug|Win32
		{DC79CD30-DD9F-47F4-9271-4EFB98F962E2}.Debug|Win32.Build.0 = Debug|Win32
		{DC79CD30-DD9F-47F4-9271-4EFB98F962E2}.Release|Win32.ActiveCfg = Release|Win32
		{DC79CD30-DD9F-47F4-9271-4EFB98F962E2}.Release|Win32.Build.0 = Release|Win32
	EndGlobalSection
	GlobalSection(SolutionProperties) = preSolution
		HideSolutionNode = FALSE
	EndGlobalSection
EndGlobal
